
Microsoft Visual Studio Solution File, Format Version 12.00
# Visual Studio 15
VisualStudioVersion = 15.0.27703.2047
MinimumVisualStudioVersion = 10.0.40219.1
Project("{8BC9CEB8-8B4A-11D0-8D11-00A0C91BC942}") = "Openfile", "OS_Lab04\OS_Lab04.vcxproj", "{CFD380A7-CE7E-4A79-B8BD-DF88F910832E}"
EndProject
Project("{8BC9CEB8-8B4A-11D0-8D11-00A0C91BC942}") = "WriteAndReadTextFile", "WriteAndReadTextFile\WriteAndReadTextFile.vcxproj", "{F50BC8A1-8962-4511-9DFC-B77ED6814F71}"
EndProject
Project("{8BC9CEB8-8B4A-11D0-8D11-00A0C91BC942}") = "CreateFileAPI", "CreateFileAPI\CreateFileAPI.vcxproj", "{F4E58649-232F-4276-B2FD-BE3582D59C65}"
EndProject
Project("{8BC9CEB8-8B4A-11D0-8D11-00A0C91BC942}") = "CreateAndWriteFileAPI", "CreateAndWriteFileAPI\CreateAndWriteFileAPI.vcxproj", "{84024E1D-7C21-4BC7-8F52-3E0A1D9DB1F9}"
EndProject
Project("{8BC9CEB8-8B4A-11D0-8D11-00A0C91BC942}") = "ReadFileAPI", "ReadFileAPI\ReadFileAPI.vcxproj", "{DE3E7777-F04E-406A-97E6-4635E0945FBF}"
EndProject
Project("{8BC9CEB8-8B4A-11D0-8D11-00A0C91BC942}") = "OutBufferOnConsole", "OutBufferOnConsole\OutBufferOnConsole.vcxproj", "{61971135-E81F-4502-8DA6-C3302A8D6583}"
EndProject
Project("{8BC9CEB8-8B4A-11D0-8D11-00A0C91BC942}") = "CopyFile", "CopyFile\CopyFile.vcxproj", "{58984EAA-8BFB-477B-9617-40D4655DFCCF}"
EndProject
Project("{8BC9CEB8-8B4A-11D0-8D11-00A0C91BC942}") = "MoveFile", "MoveFile\MoveFile.vcxproj", "{13BBEE97-21C4-4843-81FA-5124D4B65C8D}"
EndProject
Project("{8BC9CEB8-8B4A-11D0-8D11-00A0C91BC942}") = "DeleteFile", "DeleteFile\DeleteFile.vcxproj", "{14516737-8465-48CF-A988-6E7F126590BA}"
EndProject
Project("{8BC9CEB8-8B4A-11D0-8D11-00A0C91BC942}") = "CurrentDirectory", "CurrentDirectory\CurrentDirectory.vcxproj", "{A380D101-3779-4E81-A689-9007AA855BF4}"
EndProject
Project("{8BC9CEB8-8B4A-11D0-8D11-00A0C91BC942}") = "ChangeDirectory", "ChangeDirectory\ChangeDirectory.vcxproj", "{79395FE5-0F5F-466F-97B9-FA3514437057}"
EndProject
Project("{8BC9CEB8-8B4A-11D0-8D11-00A0C91BC942}") = "CreateDirectory", "CreateDirectory\CreateDirectory.vcxproj", "{7E9447CB-4076-460E-B1A9-98000146BB61}"
EndProject
Project("{8BC9CEB8-8B4A-11D0-8D11-00A0C91BC942}") = "Task04", "Task04\Task04.vcxproj", "{771CFC7A-7324-41D4-9F11-29952F0B481F}"
EndProject
Global
	GlobalSection(SolutionConfigurationPlatforms) = preSolution
		Debug|x64 = Debug|x64
		Debug|x86 = Debug|x86
		Release|x64 = Release|x64
		Release|x86 = Release|x86
	EndGlobalSection
	GlobalSection(ProjectConfigurationPlatforms) = postSolution
		{CFD380A7-CE7E-4A79-B8BD-DF88F910832E}.Debug|x64.ActiveCfg = Debug|x64
		{CFD380A7-CE7E-4A79-B8BD-DF88F910832E}.Debug|x64.Build.0 = Debug|x64
		{CFD380A7-CE7E-4A79-B8BD-DF88F910832E}.Debug|x86.ActiveCfg = Debug|Win32
		{CFD380A7-CE7E-4A79-B8BD-DF88F910832E}.Debug|x86.Build.0 = Debug|Win32
		{CFD380A7-CE7E-4A79-B8BD-DF88F910832E}.Release|x64.ActiveCfg = Release|x64
		{CFD380A7-CE7E-4A79-B8BD-DF88F910832E}.Release|x64.Build.0 = Release|x64
		{CFD380A7-CE7E-4A79-B8BD-DF88F910832E}.Release|x86.ActiveCfg = Release|Win32
		{CFD380A7-CE7E-4A79-B8BD-DF88F910832E}.Release|x86.Build.0 = Release|Win32
		{F50BC8A1-8962-4511-9DFC-B77ED6814F71}.Debug|x64.ActiveCfg = Debug|x64
		{F50BC8A1-8962-4511-9DFC-B77ED6814F71}.Debug|x64.Build.0 = Debug|x64
		{F50BC8A1-8962-4511-9DFC-B77ED6814F71}.Debug|x86.ActiveCfg = Debug|Win32
		{F50BC8A1-8962-4511-9DFC-B77ED6814F71}.Debug|x86.Build.0 = Debug|Win32
		{F50BC8A1-8962-4511-9DFC-B77ED6814F71}.Release|x64.ActiveCfg = Release|x64
		{F50BC8A1-8962-4511-9DFC-B77ED6814F71}.Release|x64.Build.0 = Release|x64
		{F50BC8A1-8962-4511-9DFC-B77ED6814F71}.Release|x86.ActiveCfg = Release|Win32
		{F50BC8A1-8962-4511-9DFC-B77ED6814F71}.Release|x86.Build.0 = Release|Win32
		{F4E58649-232F-4276-B2FD-BE3582D59C65}.Debug|x64.ActiveCfg = Debug|x64
		{F4E58649-232F-4276-B2FD-BE3582D59C65}.Debug|x64.Build.0 = Debug|x64
		{F4E58649-232F-4276-B2FD-BE3582D59C65}.Debug|x86.ActiveCfg = Debug|Win32
		{F4E58649-232F-4276-B2FD-BE3582D59C65}.Debug|x86.Build.0 = Debug|Win32
		{F4E58649-232F-4276-B2FD-BE3582D59C65}.Release|x64.ActiveCfg = Release|x64
		{F4E58649-232F-4276-B2FD-BE3582D59C65}.Release|x64.Build.0 = Release|x64
		{F4E58649-232F-4276-B2FD-BE3582D59C65}.Release|x86.ActiveCfg = Release|Win32
		{F4E58649-232F-4276-B2FD-BE3582D59C65}.Release|x86.Build.0 = Release|Win32
		{84024E1D-7C21-4BC7-8F52-3E0A1D9DB1F9}.Debug|x64.ActiveCfg = Debug|x64
		{84024E1D-7C21-4BC7-8F52-3E0A1D9DB1F9}.Debug|x64.Build.0 = Debug|x64
		{84024E1D-7C21-4BC7-8F52-3E0A1D9DB1F9}.Debug|x86.ActiveCfg = Debug|Win32
		{84024E1D-7C21-4BC7-8F52-3E0A1D9DB1F9}.Debug|x86.Build.0 = Debug|Win32
		{84024E1D-7C21-4BC7-8F52-3E0A1D9DB1F9}.Release|x64.ActiveCfg = Release|x64
		{84024E1D-7C21-4BC7-8F52-3E0A1D9DB1F9}.Release|x64.Build.0 = Release|x64
		{84024E1D-7C21-4BC7-8F52-3E0A1D9DB1F9}.Release|x86.ActiveCfg = Release|Win32
		{84024E1D-7C21-4BC7-8F52-3E0A1D9DB1F9}.Release|x86.Build.0 = Release|Win32
		{DE3E7777-F04E-406A-97E6-4635E0945FBF}.Debug|x64.ActiveCfg = Debug|x64
		{DE3E7777-F04E-406A-97E6-4635E0945FBF}.Debug|x64.Build.0 = Debug|x64
		{DE3E7777-F04E-406A-97E6-4635E0945FBF}.Debug|x86.ActiveCfg = Debug|Win32
		{DE3E7777-F04E-406A-97E6-4635E0945FBF}.Debug|x86.Build.0 = Debug|Win32
		{DE3E7777-F04E-406A-97E6-4635E0945FBF}.Release|x64.ActiveCfg = Release|x64
		{DE3E7777-F04E-406A-97E6-4635E0945FBF}.Release|x64.Build.0 = Release|x64
		{DE3E7777-F04E-406A-97E6-4635E0945FBF}.Release|x86.ActiveCfg = Release|Win32
		{DE3E7777-F04E-406A-97E6-4635E0945FBF}.Release|x86.Build.0 = Release|Win32
		{61971135-E81F-4502-8DA6-C3302A8D6583}.Debug|x64.ActiveCfg = Debug|x64
		{61971135-E81F-4502-8DA6-C3302A8D6583}.Debug|x64.Build.0 = Debug|x64
		{61971135-E81F-4502-8DA6-C3302A8D6583}.Debug|x86.ActiveCfg = Debug|Win32
		{61971135-E81F-4502-8DA6-C3302A8D6583}.Debug|x86.Build.0 = Debug|Win32
		{61971135-E81F-4502-8DA6-C3302A8D6583}.Release|x64.ActiveCfg = Release|x64
		{61971135-E81F-4502-8DA6-C3302A8D6583}.Release|x64.Build.0 = Release|x64
		{61971135-E81F-4502-8DA6-C3302A8D6583}.Release|x86.ActiveCfg = Release|Win32
		{61971135-E81F-4502-8DA6-C3302A8D6583}.Release|x86.Build.0 = Release|Win32
		{58984EAA-8BFB-477B-9617-40D4655DFCCF}.Debug|x64.ActiveCfg = Debug|x64
		{58984EAA-8BFB-477B-9617-40D4655DFCCF}.Debug|x64.Build.0 = Debug|x64
		{58984EAA-8BFB-477B-9617-40D4655DFCCF}.Debug|x86.ActiveCfg = Debug|Win32
		{58984EAA-8BFB-477B-9617-40D4655DFCCF}.Debug|x86.Build.0 = Debug|Win32
		{58984EAA-8BFB-477B-9617-40D4655DFCCF}.Release|x64.ActiveCfg = Release|x64
		{58984EAA-8BFB-477B-9617-40D4655DFCCF}.Release|x64.Build.0 = Release|x64
		{58984EAA-8BFB-477B-9617-40D4655DFCCF}.Release|x86.ActiveCfg = Release|Win32
		{58984EAA-8BFB-477B-9617-40D4655DFCCF}.Release|x86.Build.0 = Release|Win32
		{13BBEE97-21C4-4843-81FA-5124D4B65C8D}.Debug|x64.ActiveCfg = Debug|x64
		{13BBEE97-21C4-4843-81FA-5124D4B65C8D}.Debug|x64.Build.0 = Debug|x64
		{13BBEE97-21C4-4843-81FA-5124D4B65C8D}.Debug|x86.ActiveCfg = Debug|Win32
		{13BBEE97-21C4-4843-81FA-5124D4B65C8D}.Debug|x86.Build.0 = Debug|Win32
		{13BBEE97-21C4-4843-81FA-5124D4B65C8D}.Release|x64.ActiveCfg = Release|x64
		{13BBEE97-21C4-4843-81FA-5124D4B65C8D}.Release|x64.Build.0 = Release|x64
		{13BBEE97-21C4-4843-81FA-5124D4B65C8D}.Release|x86.ActiveCfg = Release|Win32
		{13BBEE97-21C4-4843-81FA-5124D4B65C8D}.Release|x86.Build.0 = Release|Win32
		{14516737-8465-48CF-A988-6E7F126590BA}.Debug|x64.ActiveCfg = Debug|x64
		{14516737-8465-48CF-A988-6E7F126590BA}.Debug|x64.Build.0 = Debug|x64
		{14516737-8465-48CF-A988-6E7F126590BA}.Debug|x86.ActiveCfg = Debug|Win32
		{14516737-8465-48CF-A988-6E7F126590BA}.Debug|x86.Build.0 = Debug|Win32
		{14516737-8465-48CF-A988-6E7F126590BA}.Release|x64.ActiveCfg = Release|x64
		{14516737-8465-48CF-A988-6E7F126590BA}.Release|x64.Build.0 = Release|x64
		{14516737-8465-48CF-A988-6E7F126590BA}.Release|x86.ActiveCfg = Release|Win32
		{14516737-8465-48CF-A988-6E7F126590BA}.Release|x86.Build.0 = Release|Win32
		{A380D101-3779-4E81-A689-9007AA855BF4}.Debug|x64.ActiveCfg = Debug|x64
		{A380D101-3779-4E81-A689-9007AA855BF4}.Debug|x64.Build.0 = Debug|x64
		{A380D101-3779-4E81-A689-9007AA855BF4}.Debug|x86.ActiveCfg = Debug|Win32
		{A380D101-3779-4E81-A689-9007AA855BF4}.Debug|x86.Build.0 = Debug|Win32
		{A380D101-3779-4E81-A689-9007AA855BF4}.Release|x64.ActiveCfg = Release|x64
		{A380D101-3779-4E81-A689-9007AA855BF4}.Release|x64.Build.0 = Release|x64
		{A380D101-3779-4E81-A689-9007AA855BF4}.Release|x86.ActiveCfg = Release|Win32
		{A380D101-3779-4E81-A689-9007AA855BF4}.Release|x86.Build.0 = Release|Win32
		{79395FE5-0F5F-466F-97B9-FA3514437057}.Debug|x64.ActiveCfg = Debug|x64
		{79395FE5-0F5F-466F-97B9-FA3514437057}.Debug|x64.Build.0 = Debug|x64
		{79395FE5-0F5F-466F-97B9-FA3514437057}.Debug|x86.ActiveCfg = Debug|Win32
		{79395FE5-0F5F-466F-97B9-FA3514437057}.Debug|x86.Build.0 = Debug|Win32
		{79395FE5-0F5F-466F-97B9-FA3514437057}.Release|x64.ActiveCfg = Release|x64
		{79395FE5-0F5F-466F-97B9-FA3514437057}.Release|x64.Build.0 = Release|x64
		{79395FE5-0F5F-466F-97B9-FA3514437057}.Release|x86.ActiveCfg = Release|Win32
		{79395FE5-0F5F-466F-97B9-FA3514437057}.Release|x86.Build.0 = Release|Win32
		{7E9447CB-4076-460E-B1A9-98000146BB61}.Debug|x64.ActiveCfg = Debug|x64
		{7E9447CB-4076-460E-B1A9-98000146BB61}.Debug|x64.Build.0 = Debug|x64
		{7E9447CB-4076-460E-B1A9-98000146BB61}.Debug|x86.ActiveCfg = Debug|Win32
		{7E9447CB-4076-460E-B1A9-98000146BB61}.Debug|x86.Build.0 = Debug|Win32
		{7E9447CB-4076-460E-B1A9-98000146BB61}.Release|x64.ActiveCfg = Release|x64
		{7E9447CB-4076-460E-B1A9-98000146BB61}.Release|x64.Build.0 = Release|x64
		{7E9447CB-4076-460E-B1A9-98000146BB61}.Release|x86.ActiveCfg = Release|Win32
		{7E9447CB-4076-460E-B1A9-98000146BB61}.Release|x86.Build.0 = Release|Win32
		{771CFC7A-7324-41D4-9F11-29952F0B481F}.Debug|x64.ActiveCfg = Debug|x64
		{771CFC7A-7324-41D4-9F11-29952F0B481F}.Debug|x64.Build.0 = Debug|x64
		{771CFC7A-7324-41D4-9F11-29952F0B481F}.Debug|x86.ActiveCfg = Debug|Win32
		{771CFC7A-7324-41D4-9F11-29952F0B481F}.Debug|x86.Build.0 = Debug|Win32
		{771CFC7A-7324-41D4-9F11-29952F0B481F}.Release|x64.ActiveCfg = Release|x64
		{771CFC7A-7324-41D4-9F11-29952F0B481F}.Release|x64.Build.0 = Release|x64
		{771CFC7A-7324-41D4-9F11-29952F0B481F}.Release|x86.ActiveCfg = Release|Win32
		{771CFC7A-7324-41D4-9F11-29952F0B481F}.Release|x86.Build.0 = Release|Win32
	EndGlobalSection
	GlobalSection(SolutionProperties) = preSolution
		HideSolutionNode = FALSE
	EndGlobalSection
	GlobalSection(ExtensibilityGlobals) = postSolution
		SolutionGuid = {F0010492-9080-4AC7-B387-7B72D8E2B4C1}
	EndGlobalSection
EndGlobal
